{
  "version": 4,
  "terraform_version": "1.9.8",
  "serial": 29,
  "lineage": "7c2f52ea-62a7-1295-9c26-afd719f58729",
  "outputs": {
    "bucket_name": {
      "value": "ai-log-detection-raw-logs",
      "type": "string"
    },
    "firehose_stream_name": {
      "value": "ai-log-detection-firehose",
      "type": "string"
    },
    "lambda_function_name": {
      "value": "ai-log-detection-preprocess",
      "type": "string"
    },
    "lambda_name": {
      "value": "ai-log-detection-preprocess",
      "type": "string"
    },
    "log_bucket_name": {
      "value": "ai-log-detection-raw-logs",
      "type": "string"
    },
    "sns_topic_arn": {
      "value": "arn:aws:sns:us-east-1:318312871504:ai-log-detection-alerts",
      "type": "string"
    }
  },
  "resources": [
    {
      "module": "module.cloudwatch",
      "mode": "managed",
      "type": "aws_cloudwatch_log_group",
      "name": "lambda",
      "provider": "provider[\"registry.terraform.io/hashicorp/aws\"]",
      "instances": [
        {
          "schema_version": 0,
          "attributes": {
            "arn": "arn:aws:logs:us-east-1:318312871504:log-group:/aws/lambda/ai-log-detection-preprocess",
            "id": "/aws/lambda/ai-log-detection-preprocess",
            "kms_key_id": "",
            "log_group_class": "STANDARD",
            "name": "/aws/lambda/ai-log-detection-preprocess",
            "name_prefix": "",
            "retention_in_days": 14,
            "skip_destroy": false,
            "tags": {
              "Env": "dev",
              "Owner": "Deion Tulcidas",
              "Project": "ai-log-detection"
            },
            "tags_all": {
              "Env": "dev",
              "Owner": "Deion Tulcidas",
              "Project": "ai-log-detection"
            }
          },
          "sensitive_attributes": [],
          "private": "bnVsbA==",
          "dependencies": [
            "module.lambda_preprocess.aws_iam_role.lambda_role",
            "module.lambda_preprocess.aws_lambda_function.fn",
            "module.lambda_preprocess.data.archive_file.zip",
            "module.sns_alerts.aws_sns_topic.alerts"
          ]
        }
      ]
    },
    {
      "module": "module.cloudwatch",
      "mode": "managed",
      "type": "aws_cloudwatch_metric_alarm",
      "name": "lambda_errors",
      "provider": "provider[\"registry.terraform.io/hashicorp/aws\"]",
      "instances": [
        {
          "schema_version": 1,
          "attributes": {
            "actions_enabled": true,
            "alarm_actions": [
              "arn:aws:sns:us-east-1:318312871504:ops-alarms"
            ],
            "alarm_description": "",
            "alarm_name": "ai-log-detection-preprocess-Errors",
            "arn": "arn:aws:cloudwatch:us-east-1:318312871504:alarm:ai-log-detection-preprocess-Errors",
            "comparison_operator": "GreaterThanOrEqualToThreshold",
            "datapoints_to_alarm": 0,
            "dimensions": {
              "FunctionName": "ai-log-detection-preprocess"
            },
            "evaluate_low_sample_count_percentiles": "",
            "evaluation_periods": 1,
            "extended_statistic": "",
            "id": "ai-log-detection-preprocess-Errors",
            "insufficient_data_actions": [],
            "metric_name": "Errors",
            "metric_query": [],
            "namespace": "AWS/Lambda",
            "ok_actions": [],
            "period": 60,
            "statistic": "Sum",
            "tags": {
              "Env": "dev",
              "Owner": "Deion Tulcidas",
              "Project": "ai-log-detection"
            },
            "tags_all": {
              "Env": "dev",
              "Owner": "Deion Tulcidas",
              "Project": "ai-log-detection"
            },
            "threshold": 1,
            "threshold_metric_id": "",
            "treat_missing_data": "missing",
            "unit": ""
          },
          "sensitive_attributes": [],
          "private": "eyJzY2hlbWFfdmVyc2lvbiI6IjEifQ==",
          "dependencies": [
            "module.cloudwatch.aws_sns_topic.ops",
            "module.lambda_preprocess.aws_iam_role.lambda_role",
            "module.lambda_preprocess.aws_lambda_function.fn",
            "module.lambda_preprocess.data.archive_file.zip",
            "module.sns_alerts.aws_sns_topic.alerts"
          ]
        }
      ]
    },
    {
      "module": "module.cloudwatch",
      "mode": "managed",
      "type": "aws_sns_topic",
      "name": "ops",
      "provider": "provider[\"registry.terraform.io/hashicorp/aws\"]",
      "instances": [
        {
          "index_key": 0,
          "schema_version": 0,
          "attributes": {
            "application_failure_feedback_role_arn": "",
            "application_success_feedback_role_arn": "",
            "application_success_feedback_sample_rate": 0,
            "archive_policy": "",
            "arn": "arn:aws:sns:us-east-1:318312871504:ops-alarms",
            "beginning_archive_time": "",
            "content_based_deduplication": false,
            "delivery_policy": "",
            "display_name": "",
            "fifo_throughput_scope": "",
            "fifo_topic": false,
            "firehose_failure_feedback_role_arn": "",
            "firehose_success_feedback_role_arn": "",
            "firehose_success_feedback_sample_rate": 0,
            "http_failure_feedback_role_arn": "",
            "http_success_feedback_role_arn": "",
            "http_success_feedback_sample_rate": 0,
            "id": "arn:aws:sns:us-east-1:318312871504:ops-alarms",
            "kms_master_key_id": "",
            "lambda_failure_feedback_role_arn": "",
            "lambda_success_feedback_role_arn": "",
            "lambda_success_feedback_sample_rate": 0,
            "name": "ops-alarms",
            "name_prefix": "",
            "owner": "318312871504",
            "policy": "{\"Id\":\"__default_policy_ID\",\"Statement\":[{\"Action\":[\"SNS:GetTopicAttributes\",\"SNS:SetTopicAttributes\",\"SNS:AddPermission\",\"SNS:RemovePermission\",\"SNS:DeleteTopic\",\"SNS:Subscribe\",\"SNS:ListSubscriptionsByTopic\",\"SNS:Publish\"],\"Condition\":{\"StringEquals\":{\"AWS:SourceOwner\":\"318312871504\"}},\"Effect\":\"Allow\",\"Principal\":{\"AWS\":\"*\"},\"Resource\":\"arn:aws:sns:us-east-1:318312871504:ops-alarms\",\"Sid\":\"__default_statement_ID\"}],\"Version\":\"2008-10-17\"}",
            "signature_version": 0,
            "sqs_failure_feedback_role_arn": "",
            "sqs_success_feedback_role_arn": "",
            "sqs_success_feedback_sample_rate": 0,
            "tags": {
              "Env": "dev",
              "Owner": "Deion Tulcidas",
              "Project": "ai-log-detection"
            },
            "tags_all": {
              "Env": "dev",
              "Owner": "Deion Tulcidas",
              "Project": "ai-log-detection"
            },
            "tracing_config": ""
          },
          "sensitive_attributes": [],
          "private": "bnVsbA=="
        }
      ]
    },
    {
      "module": "module.cloudwatch",
      "mode": "managed",
      "type": "aws_sns_topic_subscription",
      "name": "ops_email",
      "provider": "provider[\"registry.terraform.io/hashicorp/aws\"]",
      "instances": [
        {
          "index_key": 0,
          "schema_version": 0,
          "attributes": {
            "arn": "arn:aws:sns:us-east-1:318312871504:ops-alarms:035c76ef-49fa-46ba-b93f-5cb3089c9247",
            "confirmation_timeout_in_minutes": 1,
            "confirmation_was_authenticated": false,
            "delivery_policy": "",
            "endpoint": "dj161@pitt.edu",
            "endpoint_auto_confirms": false,
            "filter_policy": "",
            "filter_policy_scope": "",
            "id": "arn:aws:sns:us-east-1:318312871504:ops-alarms:035c76ef-49fa-46ba-b93f-5cb3089c9247",
            "owner_id": "318312871504",
            "pending_confirmation": true,
            "protocol": "email",
            "raw_message_delivery": false,
            "redrive_policy": "",
            "replay_policy": "",
            "subscription_role_arn": "",
            "topic_arn": "arn:aws:sns:us-east-1:318312871504:ops-alarms"
          },
          "sensitive_attributes": [],
          "private": "bnVsbA==",
          "dependencies": [
            "module.cloudwatch.aws_sns_topic.ops"
          ]
        }
      ]
    },
    {
      "module": "module.kinesis_firehose",
      "mode": "managed",
      "type": "aws_iam_role",
      "name": "firehose_role",
      "provider": "provider[\"registry.terraform.io/hashicorp/aws\"]",
      "instances": [
        {
          "index_key": 0,
          "schema_version": 0,
          "attributes": {
            "arn": "arn:aws:iam::318312871504:role/ai-log-detection-firehose-role",
            "assume_role_policy": "{\"Statement\":[{\"Action\":\"sts:AssumeRole\",\"Effect\":\"Allow\",\"Principal\":{\"Service\":\"firehose.amazonaws.com\"}}],\"Version\":\"2012-10-17\"}",
            "create_date": "2025-11-03T18:18:22Z",
            "description": "",
            "force_detach_policies": false,
            "id": "ai-log-detection-firehose-role",
            "inline_policy": [
              {
                "name": "terraform-20251104135445730000000001",
                "policy": "{\"Version\":\"2012-10-17\",\"Statement\":[{\"Action\":[\"s3:PutObject\",\"s3:PutObjectAcl\",\"s3:AbortMultipartUpload\",\"s3:ListBucket\",\"s3:GetBucketLocation\"],\"Effect\":\"Allow\",\"Resource\":[\"arn:aws:s3:::ai-log-detection-raw-logs\",\"arn:aws:s3:::ai-log-detection-raw-logs/*\"]}]}"
              }
            ],
            "managed_policy_arns": [],
            "max_session_duration": 3600,
            "name": "ai-log-detection-firehose-role",
            "name_prefix": "",
            "path": "/",
            "permissions_boundary": "",
            "tags": {
              "Env": "dev",
              "Owner": "Deion Tulcidas",
              "Project": "ai-log-detection"
            },
            "tags_all": {
              "Env": "dev",
              "Owner": "Deion Tulcidas",
              "Project": "ai-log-detection"
            },
            "unique_id": "AROAUUHHM6ZIDS4AQO5WB"
          },
          "sensitive_attributes": [],
          "private": "bnVsbA=="
        }
      ]
    },
    {
      "module": "module.kinesis_firehose",
      "mode": "managed",
      "type": "aws_iam_role_policy",
      "name": "firehose_policy",
      "provider": "provider[\"registry.terraform.io/hashicorp/aws\"]",
      "instances": [
        {
          "index_key": 0,
          "schema_version": 0,
          "attributes": {
            "id": "ai-log-detection-firehose-role:terraform-20251104135445730000000001",
            "name": "terraform-20251104135445730000000001",
            "name_prefix": "terraform-",
            "policy": "{\"Version\":\"2012-10-17\",\"Statement\":[{\"Action\":[\"s3:PutObject\",\"s3:PutObjectAcl\",\"s3:AbortMultipartUpload\",\"s3:ListBucket\",\"s3:GetBucketLocation\"],\"Effect\":\"Allow\",\"Resource\":[\"arn:aws:s3:::ai-log-detection-raw-logs\",\"arn:aws:s3:::ai-log-detection-raw-logs/*\"]}]}",
            "role": "ai-log-detection-firehose-role"
          },
          "sensitive_attributes": [],
          "private": "bnVsbA==",
          "dependencies": [
            "module.kinesis_firehose.aws_iam_role.firehose_role",
            "module.s3_logs.aws_s3_bucket.logs"
          ]
        }
      ]
    },
    {
      "module": "module.kinesis_firehose",
      "mode": "managed",
      "type": "aws_kinesis_firehose_delivery_stream",
      "name": "stream",
      "provider": "provider[\"registry.terraform.io/hashicorp/aws\"]",
      "instances": [
        {
          "index_key": 0,
          "schema_version": 1,
          "attributes": {
            "arn": "arn:aws:firehose:us-east-1:318312871504:deliverystream/ai-log-detection-firehose",
            "destination": "extended_s3",
            "destination_id": "destinationId-000000000001",
            "elasticsearch_configuration": [],
            "extended_s3_configuration": [
              {
                "bucket_arn": "arn:aws:s3:::ai-log-detection-raw-logs",
                "buffering_interval": 60,
                "buffering_size": 5,
                "cloudwatch_logging_options": [
                  {
                    "enabled": false,
                    "log_group_name": "",
                    "log_stream_name": ""
                  }
                ],
                "compression_format": "GZIP",
                "custom_time_zone": "UTC",
                "data_format_conversion_configuration": [],
                "dynamic_partitioning_configuration": [],
                "error_output_prefix": "",
                "file_extension": "",
                "kms_key_arn": "",
                "prefix": "",
                "processing_configuration": [
                  {
                    "enabled": false,
                    "processors": []
                  }
                ],
                "role_arn": "arn:aws:iam::318312871504:role/ai-log-detection-firehose-role",
                "s3_backup_configuration": [],
                "s3_backup_mode": "Disabled"
              }
            ],
            "http_endpoint_configuration": [],
            "iceberg_configuration": [],
            "id": "arn:aws:firehose:us-east-1:318312871504:deliverystream/ai-log-detection-firehose",
            "kinesis_source_configuration": [],
            "msk_source_configuration": [],
            "name": "ai-log-detection-firehose",
            "opensearch_configuration": [],
            "opensearchserverless_configuration": [],
            "redshift_configuration": [],
            "server_side_encryption": [
              {
                "enabled": false,
                "key_arn": "",
                "key_type": "AWS_OWNED_CMK"
              }
            ],
            "snowflake_configuration": [],
            "splunk_configuration": [],
            "tags": {
              "Env": "dev",
              "Owner": "Deion Tulcidas",
              "Project": "ai-log-detection"
            },
            "tags_all": {
              "Env": "dev",
              "Owner": "Deion Tulcidas",
              "Project": "ai-log-detection"
            },
            "timeouts": null,
            "version_id": "1"
          },
          "sensitive_attributes": [],
          "private": "eyJlMmJmYjczMC1lY2FhLTExZTYtOGY4OC0zNDM2M2JjN2M0YzAiOnsiY3JlYXRlIjoxODAwMDAwMDAwMDAwLCJkZWxldGUiOjE4MDAwMDAwMDAwMDAsInVwZGF0ZSI6NjAwMDAwMDAwMDAwfSwic2NoZW1hX3ZlcnNpb24iOiIxIn0=",
          "dependencies": [
            "module.kinesis_firehose.aws_iam_role.firehose_role",
            "module.s3_logs.aws_s3_bucket.logs"
          ]
        }
      ]
    },
    {
      "module": "module.lambda_preprocess",
      "mode": "data",
      "type": "archive_file",
      "name": "zip",
      "provider": "provider[\"registry.terraform.io/hashicorp/archive\"]",
      "instances": [
        {
          "schema_version": 0,
          "attributes": {
            "exclude_symlink_directories": null,
            "excludes": null,
            "id": "f6d5700691db8eb5b48eb2d025be926222d846b8",
            "output_base64sha256": "Whj4uGsZQyYq3oemtjWnQBr/RvzYqaOPsuGFWR8203U=",
            "output_base64sha512": "wrRZ9Wv+A1Irct8gz8AUFGZfIP4GAAqieHYVUozbZ35cZJw7LW5kA6QTdlA9J3j1JUtOQMTTjAxPHWAcNzKejA==",
            "output_file_mode": null,
            "output_md5": "429ca969fb2880a26e4a6d83f49338a2",
            "output_path": "modules/lambda_preprocess/build/lambda.zip",
            "output_sha": "f6d5700691db8eb5b48eb2d025be926222d846b8",
            "output_sha256": "5a18f8b86b1943262ade87a6b635a7401aff46fcd8a9a38fb2e185591f36d375",
            "output_sha512": "c2b459f56bfe03522b72df20cfc01414665f20fe06000aa2787615528cdb677e5c649c3b2d6e6403a41376503d2778f5254b4e40c4d38c0c4f1d601c37329e8c",
            "output_size": 1107,
            "source": [],
            "source_content": null,
            "source_content_filename": null,
            "source_dir": "modules/lambda_preprocess/src",
            "source_file": null,
            "type": "zip"
          },
          "sensitive_attributes": []
        }
      ]
    },
    {
      "module": "module.lambda_preprocess",
      "mode": "managed",
      "type": "aws_iam_role",
      "name": "lambda_role",
      "provider": "provider[\"registry.terraform.io/hashicorp/aws\"]",
      "instances": [
        {
          "schema_version": 0,
          "attributes": {
            "arn": "arn:aws:iam::318312871504:role/ai-log-detection-preprocess-role",
            "assume_role_policy": "{\"Statement\":[{\"Action\":\"sts:AssumeRole\",\"Effect\":\"Allow\",\"Principal\":{\"Service\":\"lambda.amazonaws.com\"}}],\"Version\":\"2012-10-17\"}",
            "create_date": "2025-11-04T13:54:40Z",
            "description": "",
            "force_detach_policies": false,
            "id": "ai-log-detection-preprocess-role",
            "inline_policy": [
              {
                "name": "ai-log-detection-preprocess-policy",
                "policy": "{\"Version\":\"2012-10-17\",\"Statement\":[{\"Action\":[\"logs:CreateLogGroup\",\"logs:CreateLogStream\",\"logs:PutLogEvents\"],\"Effect\":\"Allow\",\"Resource\":\"*\"},{\"Action\":[\"sns:Publish\"],\"Effect\":\"Allow\",\"Resource\":\"arn:aws:sns:us-east-1:318312871504:ai-log-detection-alerts\"},{\"Action\":[\"sagemaker:InvokeEndpoint\"],\"Effect\":\"Deny\",\"Resource\":\"*\"},{\"Action\":[\"s3:GetObject\",\"s3:ListBucket\"],\"Effect\":\"Allow\",\"Resource\":\"*\"}]}"
              }
            ],
            "managed_policy_arns": [],
            "max_session_duration": 3600,
            "name": "ai-log-detection-preprocess-role",
            "name_prefix": "",
            "path": "/",
            "permissions_boundary": "",
            "tags": {
              "Env": "dev",
              "Owner": "Deion Tulcidas",
              "Project": "ai-log-detection"
            },
            "tags_all": {
              "Env": "dev",
              "Owner": "Deion Tulcidas",
              "Project": "ai-log-detection"
            },
            "unique_id": "AROAUUHHM6ZIPKYC2OGMM"
          },
          "sensitive_attributes": [],
          "private": "bnVsbA=="
        }
      ]
    },
    {
      "module": "module.lambda_preprocess",
      "mode": "managed",
      "type": "aws_iam_role_policy",
      "name": "lambda_policy",
      "provider": "provider[\"registry.terraform.io/hashicorp/aws\"]",
      "instances": [
        {
          "schema_version": 0,
          "attributes": {
            "id": "ai-log-detection-preprocess-role:ai-log-detection-preprocess-policy",
            "name": "ai-log-detection-preprocess-policy",
            "name_prefix": "",
            "policy": "{\"Version\":\"2012-10-17\",\"Statement\":[{\"Action\":[\"logs:CreateLogGroup\",\"logs:CreateLogStream\",\"logs:PutLogEvents\"],\"Effect\":\"Allow\",\"Resource\":\"*\"},{\"Action\":[\"sns:Publish\"],\"Effect\":\"Allow\",\"Resource\":\"arn:aws:sns:us-east-1:318312871504:ai-log-detection-alerts\"},{\"Action\":[\"sagemaker:InvokeEndpoint\"],\"Effect\":\"Deny\",\"Resource\":\"*\"},{\"Action\":[\"s3:GetObject\",\"s3:ListBucket\"],\"Effect\":\"Allow\",\"Resource\":\"*\"}]}",
            "role": "ai-log-detection-preprocess-role"
          },
          "sensitive_attributes": [],
          "private": "bnVsbA==",
          "dependencies": [
            "module.lambda_preprocess.aws_iam_role.lambda_role",
            "module.sns_alerts.aws_sns_topic.alerts"
          ]
        }
      ]
    },
    {
      "module": "module.lambda_preprocess",
      "mode": "managed",
      "type": "aws_lambda_function",
      "name": "fn",
      "provider": "provider[\"registry.terraform.io/hashicorp/aws\"]",
      "instances": [
        {
          "schema_version": 0,
          "attributes": {
            "architectures": [
              "x86_64"
            ],
            "arn": "arn:aws:lambda:us-east-1:318312871504:function:ai-log-detection-preprocess",
            "code_sha256": "Whj4uGsZQyYq3oemtjWnQBr/RvzYqaOPsuGFWR8203U=",
            "code_signing_config_arn": "",
            "dead_letter_config": [],
            "description": "",
            "environment": [
              {
                "variables": {
                  "ALERT_TOPIC": "arn:aws:sns:us-east-1:318312871504:ai-log-detection-alerts",
                  "PROJECT": "ai-log-detection",
                  "SAGEMAKER_ENDPOINT": "",
                  "THRESHOLD": "80",
                  "USE_SAGEMAKER_STUB": "true"
                }
              }
            ],
            "ephemeral_storage": [
              {
                "size": 512
              }
            ],
            "file_system_config": [],
            "filename": "modules/lambda_preprocess/build/lambda.zip",
            "function_name": "ai-log-detection-preprocess",
            "handler": "handler.lambda_handler",
            "id": "ai-log-detection-preprocess",
            "image_config": [],
            "image_uri": "",
            "invoke_arn": "arn:aws:apigateway:us-east-1:lambda:path/2015-03-31/functions/arn:aws:lambda:us-east-1:318312871504:function:ai-log-detection-preprocess/invocations",
            "kms_key_arn": "",
            "last_modified": "2025-11-04T14:21:57.408+0000",
            "layers": [],
            "logging_config": [
              {
                "application_log_level": "",
                "log_format": "Text",
                "log_group": "/aws/lambda/ai-log-detection-preprocess",
                "system_log_level": ""
              }
            ],
            "memory_size": 256,
            "package_type": "Zip",
            "publish": false,
            "qualified_arn": "arn:aws:lambda:us-east-1:318312871504:function:ai-log-detection-preprocess:$LATEST",
            "qualified_invoke_arn": "arn:aws:apigateway:us-east-1:lambda:path/2015-03-31/functions/arn:aws:lambda:us-east-1:318312871504:function:ai-log-detection-preprocess:$LATEST/invocations",
            "replace_security_groups_on_destroy": null,
            "replacement_security_group_ids": null,
            "reserved_concurrent_executions": -1,
            "role": "arn:aws:iam::318312871504:role/ai-log-detection-preprocess-role",
            "runtime": "python3.11",
            "s3_bucket": null,
            "s3_key": null,
            "s3_object_version": null,
            "signing_job_arn": "",
            "signing_profile_version_arn": "",
            "skip_destroy": false,
            "snap_start": [],
            "source_code_hash": "",
            "source_code_size": 1107,
            "tags": {
              "Env": "dev",
              "Owner": "Deion Tulcidas",
              "Project": "ai-log-detection"
            },
            "tags_all": {
              "Env": "dev",
              "Owner": "Deion Tulcidas",
              "Project": "ai-log-detection"
            },
            "timeout": 30,
            "timeouts": null,
            "tracing_config": [
              {
                "mode": "PassThrough"
              }
            ],
            "version": "$LATEST",
            "vpc_config": []
          },
          "sensitive_attributes": [],
          "private": "eyJlMmJmYjczMC1lY2FhLTExZTYtOGY4OC0zNDM2M2JjN2M0YzAiOnsiY3JlYXRlIjo2MDAwMDAwMDAwMDAsImRlbGV0ZSI6NjAwMDAwMDAwMDAwLCJ1cGRhdGUiOjYwMDAwMDAwMDAwMH19",
          "dependencies": [
            "module.lambda_preprocess.aws_iam_role.lambda_role",
            "module.lambda_preprocess.data.archive_file.zip",
            "module.sns_alerts.aws_sns_topic.alerts"
          ]
        }
      ]
    },
    {
      "module": "module.s3_logs",
      "mode": "managed",
      "type": "aws_lambda_permission",
      "name": "s3_invoke",
      "provider": "provider[\"registry.terraform.io/hashicorp/aws\"]",
      "instances": [
        {
          "index_key": 0,
          "schema_version": 0,
          "attributes": {
            "action": "lambda:InvokeFunction",
            "event_source_token": null,
            "function_name": "arn:aws:lambda:us-east-1:318312871504:function:ai-log-detection-preprocess",
            "function_url_auth_type": null,
            "id": "AllowS3Invoke",
            "principal": "s3.amazonaws.com",
            "principal_org_id": null,
            "qualifier": "",
            "source_account": null,
            "source_arn": "arn:aws:s3:::ai-log-detection-raw-logs",
            "statement_id": "AllowS3Invoke",
            "statement_id_prefix": ""
          },
          "sensitive_attributes": [],
          "private": "bnVsbA==",
          "dependencies": [
            "module.lambda_preprocess.aws_iam_role.lambda_role",
            "module.lambda_preprocess.aws_lambda_function.fn",
            "module.lambda_preprocess.data.archive_file.zip",
            "module.s3_logs.aws_s3_bucket.logs",
            "module.sns_alerts.aws_sns_topic.alerts"
          ]
        }
      ]
    },
    {
      "module": "module.s3_logs",
      "mode": "managed",
      "type": "aws_s3_bucket",
      "name": "logs",
      "provider": "provider[\"registry.terraform.io/hashicorp/aws\"]",
      "instances": [
        {
          "schema_version": 0,
          "attributes": {
            "acceleration_status": "",
            "acl": null,
            "arn": "arn:aws:s3:::ai-log-detection-raw-logs",
            "bucket": "ai-log-detection-raw-logs",
            "bucket_domain_name": "ai-log-detection-raw-logs.s3.amazonaws.com",
            "bucket_prefix": "",
            "bucket_regional_domain_name": "ai-log-detection-raw-logs.s3.us-east-1.amazonaws.com",
            "cors_rule": [],
            "force_destroy": false,
            "grant": [
              {
                "id": "29594c2806e09c74d0292198ce66a2244f8e8ea1abeeda3f1cff4a8c0ab15f49",
                "permissions": [
                  "FULL_CONTROL"
                ],
                "type": "CanonicalUser",
                "uri": ""
              }
            ],
            "hosted_zone_id": "Z3AQBSTGFYJSTF",
            "id": "ai-log-detection-raw-logs",
            "lifecycle_rule": [
              {
                "abort_incomplete_multipart_upload_days": 7,
                "enabled": true,
                "expiration": [],
                "id": "expire-multipart-uploads",
                "noncurrent_version_expiration": [],
                "noncurrent_version_transition": [],
                "prefix": "",
                "tags": {},
                "transition": []
              }
            ],
            "logging": [],
            "object_lock_configuration": [],
            "object_lock_enabled": false,
            "policy": "",
            "region": "us-east-1",
            "replication_configuration": [],
            "request_payer": "BucketOwner",
            "server_side_encryption_configuration": [
              {
                "rule": [
                  {
                    "apply_server_side_encryption_by_default": [
                      {
                        "kms_master_key_id": "",
                        "sse_algorithm": "AES256"
                      }
                    ],
                    "bucket_key_enabled": false
                  }
                ]
              }
            ],
            "tags": {
              "Env": "dev",
              "Owner": "Deion Tulcidas",
              "Project": "ai-log-detection"
            },
            "tags_all": {
              "Env": "dev",
              "Owner": "Deion Tulcidas",
              "Project": "ai-log-detection"
            },
            "timeouts": null,
            "versioning": [
              {
                "enabled": true,
                "mfa_delete": false
              }
            ],
            "website": [],
            "website_domain": null,
            "website_endpoint": null
          },
          "sensitive_attributes": [],
          "private": "eyJlMmJmYjczMC1lY2FhLTExZTYtOGY4OC0zNDM2M2JjN2M0YzAiOnsiY3JlYXRlIjoxMjAwMDAwMDAwMDAwLCJkZWxldGUiOjM2MDAwMDAwMDAwMDAsInJlYWQiOjEyMDAwMDAwMDAwMDAsInVwZGF0ZSI6MTIwMDAwMDAwMDAwMH19"
        }
      ]
    },
    {
      "module": "module.s3_logs",
      "mode": "managed",
      "type": "aws_s3_bucket_lifecycle_configuration",
      "name": "lc",
      "provider": "provider[\"registry.terraform.io/hashicorp/aws\"]",
      "instances": [
        {
          "schema_version": 1,
          "attributes": {
            "bucket": "ai-log-detection-raw-logs",
            "expected_bucket_owner": "",
            "id": "ai-log-detection-raw-logs",
            "rule": [
              {
                "abort_incomplete_multipart_upload": [
                  {
                    "days_after_initiation": 7
                  }
                ],
                "expiration": [],
                "filter": [],
                "id": "expire-multipart-uploads",
                "noncurrent_version_expiration": [],
                "noncurrent_version_transition": [],
                "prefix": "",
                "status": "Enabled",
                "transition": []
              }
            ],
            "timeouts": null,
            "transition_default_minimum_object_size": "all_storage_classes_128K"
          },
          "sensitive_attributes": [],
          "dependencies": [
            "module.s3_logs.aws_s3_bucket.logs"
          ]
        }
      ]
    },
    {
      "module": "module.s3_logs",
      "mode": "managed",
      "type": "aws_s3_bucket_notification",
      "name": "notify",
      "provider": "provider[\"registry.terraform.io/hashicorp/aws\"]",
      "instances": [
        {
          "index_key": 0,
          "schema_version": 0,
          "attributes": {
            "bucket": "ai-log-detection-raw-logs",
            "eventbridge": false,
            "id": "ai-log-detection-raw-logs",
            "lambda_function": [
              {
                "events": [
                  "s3:ObjectCreated:*"
                ],
                "filter_prefix": "",
                "filter_suffix": "",
                "id": "tf-s3-lambda-20251104142203235800000001",
                "lambda_function_arn": "arn:aws:lambda:us-east-1:318312871504:function:ai-log-detection-preprocess"
              }
            ],
            "queue": [],
            "topic": []
          },
          "sensitive_attributes": [],
          "private": "bnVsbA==",
          "dependencies": [
            "module.lambda_preprocess.aws_iam_role.lambda_role",
            "module.lambda_preprocess.aws_lambda_function.fn",
            "module.lambda_preprocess.data.archive_file.zip",
            "module.s3_logs.aws_lambda_permission.s3_invoke",
            "module.s3_logs.aws_s3_bucket.logs",
            "module.sns_alerts.aws_sns_topic.alerts"
          ]
        }
      ]
    },
    {
      "module": "module.s3_logs",
      "mode": "managed",
      "type": "aws_s3_bucket_server_side_encryption_configuration",
      "name": "sse",
      "provider": "provider[\"registry.terraform.io/hashicorp/aws\"]",
      "instances": [
        {
          "schema_version": 0,
          "attributes": {
            "bucket": "ai-log-detection-raw-logs",
            "expected_bucket_owner": "",
            "id": "ai-log-detection-raw-logs",
            "rule": [
              {
                "apply_server_side_encryption_by_default": [
                  {
                    "kms_master_key_id": "",
                    "sse_algorithm": "AES256"
                  }
                ],
                "bucket_key_enabled": false
              }
            ]
          },
          "sensitive_attributes": [],
          "private": "bnVsbA==",
          "dependencies": [
            "module.s3_logs.aws_s3_bucket.logs"
          ]
        }
      ]
    },
    {
      "module": "module.s3_logs",
      "mode": "managed",
      "type": "aws_s3_bucket_versioning",
      "name": "v",
      "provider": "provider[\"registry.terraform.io/hashicorp/aws\"]",
      "instances": [
        {
          "schema_version": 0,
          "attributes": {
            "bucket": "ai-log-detection-raw-logs",
            "expected_bucket_owner": "",
            "id": "ai-log-detection-raw-logs",
            "mfa": null,
            "versioning_configuration": [
              {
                "mfa_delete": "",
                "status": "Enabled"
              }
            ]
          },
          "sensitive_attributes": [],
          "private": "bnVsbA==",
          "dependencies": [
            "module.s3_logs.aws_s3_bucket.logs"
          ]
        }
      ]
    },
    {
      "module": "module.sns_alerts",
      "mode": "managed",
      "type": "aws_sns_topic",
      "name": "alerts",
      "provider": "provider[\"registry.terraform.io/hashicorp/aws\"]",
      "instances": [
        {
          "schema_version": 0,
          "attributes": {
            "application_failure_feedback_role_arn": "",
            "application_success_feedback_role_arn": "",
            "application_success_feedback_sample_rate": 0,
            "archive_policy": "",
            "arn": "arn:aws:sns:us-east-1:318312871504:ai-log-detection-alerts",
            "beginning_archive_time": "",
            "content_based_deduplication": false,
            "delivery_policy": "",
            "display_name": "",
            "fifo_throughput_scope": "",
            "fifo_topic": false,
            "firehose_failure_feedback_role_arn": "",
            "firehose_success_feedback_role_arn": "",
            "firehose_success_feedback_sample_rate": 0,
            "http_failure_feedback_role_arn": "",
            "http_success_feedback_role_arn": "",
            "http_success_feedback_sample_rate": 0,
            "id": "arn:aws:sns:us-east-1:318312871504:ai-log-detection-alerts",
            "kms_master_key_id": "",
            "lambda_failure_feedback_role_arn": "",
            "lambda_success_feedback_role_arn": "",
            "lambda_success_feedback_sample_rate": 0,
            "name": "ai-log-detection-alerts",
            "name_prefix": "",
            "owner": "318312871504",
            "policy": "{\"Id\":\"__default_policy_ID\",\"Statement\":[{\"Action\":[\"SNS:GetTopicAttributes\",\"SNS:SetTopicAttributes\",\"SNS:AddPermission\",\"SNS:RemovePermission\",\"SNS:DeleteTopic\",\"SNS:Subscribe\",\"SNS:ListSubscriptionsByTopic\",\"SNS:Publish\"],\"Condition\":{\"StringEquals\":{\"AWS:SourceOwner\":\"318312871504\"}},\"Effect\":\"Allow\",\"Principal\":{\"AWS\":\"*\"},\"Resource\":\"arn:aws:sns:us-east-1:318312871504:ai-log-detection-alerts\",\"Sid\":\"__default_statement_ID\"}],\"Version\":\"2008-10-17\"}",
            "signature_version": 0,
            "sqs_failure_feedback_role_arn": "",
            "sqs_success_feedback_role_arn": "",
            "sqs_success_feedback_sample_rate": 0,
            "tags": {
              "Env": "dev",
              "Owner": "Deion Tulcidas",
              "Project": "ai-log-detection"
            },
            "tags_all": {
              "Env": "dev",
              "Owner": "Deion Tulcidas",
              "Project": "ai-log-detection"
            },
            "tracing_config": ""
          },
          "sensitive_attributes": [],
          "private": "bnVsbA=="
        }
      ]
    },
    {
      "module": "module.sns_alerts",
      "mode": "managed",
      "type": "aws_sns_topic_subscription",
      "name": "email",
      "provider": "provider[\"registry.terraform.io/hashicorp/aws\"]",
      "instances": [
        {
          "index_key": "dj161@pitt.edu",
          "schema_version": 0,
          "attributes": {
            "arn": "arn:aws:sns:us-east-1:318312871504:ai-log-detection-alerts:c1e0e12d-3b53-441f-91c4-839db07bd9e4",
            "confirmation_timeout_in_minutes": 1,
            "confirmation_was_authenticated": false,
            "delivery_policy": "",
            "endpoint": "dj161@pitt.edu",
            "endpoint_auto_confirms": false,
            "filter_policy": "",
            "filter_policy_scope": "",
            "id": "arn:aws:sns:us-east-1:318312871504:ai-log-detection-alerts:c1e0e12d-3b53-441f-91c4-839db07bd9e4",
            "owner_id": "318312871504",
            "pending_confirmation": true,
            "protocol": "email",
            "raw_message_delivery": false,
            "redrive_policy": "",
            "replay_policy": "",
            "subscription_role_arn": "",
            "topic_arn": "arn:aws:sns:us-east-1:318312871504:ai-log-detection-alerts"
          },
          "sensitive_attributes": [],
          "private": "bnVsbA==",
          "dependencies": [
            "module.sns_alerts.aws_sns_topic.alerts"
          ]
        }
      ]
    }
  ],
  "check_results": null
}
